// !$*UTF8*$!
{
	archiveVersion = 1;
	classes = {
	};
	objectVersion = 56;
	objects = {

/* Begin PBXBuildFile section */
		1FFFA99229FD578700BF0FA4 /* AppDelegate.swift in Sources */ = {isa = PBXBuildFile; fileRef = 1FFFA99129FD578700BF0FA4 /* AppDelegate.swift */; };
		1FFFA99429FD578700BF0FA4 /* SceneDelegate.swift in Sources */ = {isa = PBXBuildFile; fileRef = 1FFFA99329FD578700BF0FA4 /* SceneDelegate.swift */; };
		1FFFA99629FD578700BF0FA4 /* HomeViewController.swift in Sources */ = {isa = PBXBuildFile; fileRef = 1FFFA99529FD578700BF0FA4 /* HomeViewController.swift */; };
		1FFFA99B29FD578800BF0FA4 /* Assets.xcassets in Resources */ = {isa = PBXBuildFile; fileRef = 1FFFA99A29FD578800BF0FA4 /* Assets.xcassets */; };
		1FFFA99E29FD578800BF0FA4 /* LaunchScreen.storyboard in Resources */ = {isa = PBXBuildFile; fileRef = 1FFFA99C29FD578800BF0FA4 /* LaunchScreen.storyboard */; };
		1FFFA9A929FD58D200BF0FA4 /* FirebaseAuth in Frameworks */ = {isa = PBXBuildFile; productRef = 1FFFA9A829FD58D200BF0FA4 /* FirebaseAuth */; };
		1FFFA9AB29FD5D3700BF0FA4 /* GoogleService-Info.plist in Resources */ = {isa = PBXBuildFile; fileRef = 1FFFA9AA29FD5D3700BF0FA4 /* GoogleService-Info.plist */; };
		1FFFA9AF29FD62E100BF0FA4 /* SignupViewController.swift in Sources */ = {isa = PBXBuildFile; fileRef = 1FFFA9AD29FD62E100BF0FA4 /* SignupViewController.swift */; };
		1FFFA9B029FD62E100BF0FA4 /* LoginViewController.swift in Sources */ = {isa = PBXBuildFile; fileRef = 1FFFA9AE29FD62E100BF0FA4 /* LoginViewController.swift */; };
/* End PBXBuildFile section */

/* Begin PBXFileReference section */
		1FFFA98E29FD578700BF0FA4 /* LoginForm.app */ = {isa = PBXFileReference; explicitFileType = wrapper.application; includeInIndex = 0; path = LoginForm.app; sourceTree = BUILT_PRODUCTS_DIR; };
		1FFFA99129FD578700BF0FA4 /* AppDelegate.swift */ = {isa = PBXFileReference; lastKnownFileType = sourcecode.swift; path = AppDelegate.swift; sourceTree = "<group>"; };
		1FFFA99329FD578700BF0FA4 /* SceneDelegate.swift */ = {isa = PBXFileReference; lastKnownFileType = sourcecode.swift; path = SceneDelegate.swift; sourceTree = "<group>"; };
		1FFFA99529FD578700BF0FA4 /* HomeViewController.swift */ = {isa = PBXFileReference; lastKnownFileType = sourcecode.swift; path = HomeViewController.swift; sourceTree = "<group>"; };
		1FFFA99A29FD578800BF0FA4 /* Assets.xcassets */ = {isa = PBXFileReference; lastKnownFileType = folder.assetcatalog; path = Assets.xcassets; sourceTree = "<group>"; };
		1FFFA99D29FD578800BF0FA4 /* Base */ = {isa = PBXFileReference; lastKnownFileType = file.storyboard; name = Base; path = Base.lproj/LaunchScreen.storyboard; sourceTree = "<group>"; };
		1FFFA99F29FD578800BF0FA4 /* Info.plist */ = {isa = PBXFileReference; lastKnownFileType = text.plist.xml; path = Info.plist; sourceTree = "<group>"; };
		1FFFA9AA29FD5D3700BF0FA4 /* GoogleService-Info.plist */ = {isa = PBXFileReference; fileEncoding = 4; lastKnownFileType = text.plist.xml; path = "GoogleService-Info.plist"; sourceTree = "<group>"; };
		1FFFA9AD29FD62E100BF0FA4 /* SignupViewController.swift */ = {isa = PBXFileReference; fileEncoding = 4; lastKnownFileType = sourcecode.swift; path = SignupViewController.swift; sourceTree = "<group>"; };
		1FFFA9AE29FD62E100BF0FA4 /* LoginViewController.swift */ = {isa = PBXFileReference; fileEncoding = 4; lastKnownFileType = sourcecode.swift; path = LoginViewController.swift; sourceTree = "<group>"; };
/* End PBXFileReference section */

/* Begin PBXFrameworksBuildPhase section */
		1FFFA98B29FD578700BF0FA4 /* Frameworks */ = {
			isa = PBXFrameworksBuildPhase;
			buildActionMask = 2147483647;
			files = (
				1FFFA9A929FD58D200BF0FA4 /* FirebaseAuth in Frameworks */,
			);
			runOnlyForDeploymentPostprocessing = 0;
		};
/* End PBXFrameworksBuildPhase section */

/* Begin PBXGroup section */
		1FFFA98529FD578700BF0FA4 = {
			isa = PBXGroup;
			children = (
				1FFFA99029FD578700BF0FA4 /* LoginForm */,
				1FFFA98F29FD578700BF0FA4 /* Products */,
			);
			sourceTree = "<group>";
		};
		1FFFA98F29FD578700BF0FA4 /* Products */ = {
			isa = PBXGroup;
			children = (
				1FFFA98E29FD578700BF0FA4 /* LoginForm.app */,
			);
			name = Products;
			sourceTree = "<group>";
		};
		1FFFA99029FD578700BF0FA4 /* LoginForm */ = {
			isa = PBXGroup;
			children = (
				1FFFA99129FD578700BF0FA4 /* AppDelegate.swift */,
				1FFFA99329FD578700BF0FA4 /* SceneDelegate.swift */,
				1FFFA99529FD578700BF0FA4 /* HomeViewController.swift */,
				1FFFA9AC29FD62E100BF0FA4 /* Login+SignUp */,
				1FFFA99A29FD578800BF0FA4 /* Assets.xcassets */,
				1FFFA99C29FD578800BF0FA4 /* LaunchScreen.storyboard */,
				1FFFA99F29FD578800BF0FA4 /* Info.plist */,
				1FFFA9AA29FD5D3700BF0FA4 /* GoogleService-Info.plist */,
			);
			path = LoginForm;
			sourceTree = "<group>";
		};
		1FFFA9AC29FD62E100BF0FA4 /* Login+SignUp */ = {
			isa = PBXGroup;
			children = (
				1FFFA9AD29FD62E100BF0FA4 /* SignupViewController.swift */,
				1FFFA9AE29FD62E100BF0FA4 /* LoginViewController.swift */,
			);
			path = "Login+SignUp";
			sourceTree = "<group>";
		};
/* End PBXGroup section */

/* Begin PBXNativeTarget section */
		1FFFA98D29FD578700BF0FA4 /* LoginForm */ = {
			isa = PBXNativeTarget;
			buildConfigurationList = 1FFFA9A229FD578800BF0FA4 /* Build configuration list for PBXNativeTarget "LoginForm" */;
			buildPhases = (
				1FFFA98A29FD578700BF0FA4 /* Sources */,
				1FFFA98B29FD578700BF0FA4 /* Frameworks */,
				1FFFA98C29FD578700BF0FA4 /* Resources */,
			);
			buildRules = (
			);
			dependencies = (
			);
			name = LoginForm;
			packageProductDependencies = (
				1FFFA9A829FD58D200BF0FA4 /* FirebaseAuth */,
			);
			productName = LoginForm;
			productReference = 1FFFA98E29FD578700BF0FA4 /* LoginForm.app */;
			productType = "com.apple.product-type.application";
		};
/* End PBXNativeTarget section */

/* Begin PBXProject section */
		1FFFA98629FD578700BF0FA4 /* Project object */ = {
			isa = PBXProject;
			attributes = {
				BuildIndependentTargetsInParallel = 1;
				LastSwiftUpdateCheck = 1420;
				LastUpgradeCheck = 1420;
				TargetAttributes = {
					1FFFA98D29FD578700BF0FA4 = {
						CreatedOnToolsVersion = 14.2;
					};
				};
			};
			buildConfigurationList = 1FFFA98929FD578700BF0FA4 /* Build configuration list for PBXProject "LoginForm" */;
			compatibilityVersion = "Xcode 14.0";
			developmentRegion = en;
			hasScannedForEncodings = 0;
			knownRegions = (
				en,
				Base,
			);
			mainGroup = 1FFFA98529FD578700BF0FA4;
			packageReferences = (
				1FFFA9A729FD58D200BF0FA4 /* XCRemoteSwiftPackageReference "firebase-ios-sdk" */,
			);
			productRefGroup = 1FFFA98F29FD578700BF0FA4 /* Products */;
			projectDirPath = "";
			projectRoot = "";
			targets = (
				1FFFA98D29FD578700BF0FA4 /* LoginForm */,
			);
		};
/* End PBXProject section */

/* Begin PBXResourcesBuildPhase section */
		1FFFA98C29FD578700BF0FA4 /* Resources */ = {
			isa = PBXResourcesBuildPhase;
			buildActionMask = 2147483647;
			files = (
				1FFFA99E29FD578800BF0FA4 /* LaunchScreen.storyboard in Resources */,
				1FFFA99B29FD578800BF0FA4 /* Assets.xcassets in Resources */,
				1FFFA9AB29FD5D3700BF0FA4 /* GoogleService-Info.plist in Resources */,
			);
			runOnlyForDeploymentPostprocessing = 0;
		};
/* End PBXResourcesBuildPhase section */

/* Begin PBXSourcesBuildPhase section */
		1FFFA98A29FD578700BF0FA4 /* Sources */ = {
			isa = PBXSourcesBuildPhase;
			buildActionMask = 2147483647;
			files = (
				1FFFA99629FD578700BF0FA4 /* HomeViewController.swift in Sources */,
				1FFFA99229FD578700BF0FA4 /* AppDelegate.swift in Sources */,
				1FFFA9AF29FD62E100BF0FA4 /* SignupViewController.swift in Sources */,
				1FFFA9B029FD62E100BF0FA4 /* LoginViewController.swift in Sources */,
				1FFFA99429FD578700BF0FA4 /* SceneDelegate.swift in Sources */,
			);
			runOnlyForDeploymentPostprocessing = 0;
		};
/* End PBXSourcesBuildPhase section */

/* Begin PBXVariantGroup section */
		1FFFA99C29FD578800BF0FA4 /* LaunchScreen.storyboard */ = {
			isa = PBXVariantGroup;
			children = (
				1FFFA99D29FD578800BF0FA4 /* Base */,
			);
			name = LaunchScreen.storyboard;
			sourceTree = "<group>";
		};
/* End PBXVariantGroup section */

/* Begin XCBuildConfiguration section */
		1FFFA9A029FD578800BF0FA4 /* Debug */ = {
			isa = XCBuildConfiguration;
			buildSettings = {
				ALWAYS_SEARCH_USER_PATHS = NO;
				CLANG_ANALYZER_NONNULL = YES;
				CLANG_ANALYZER_NUMBER_OBJECT_CONVERSION = YES_AGGRESSIVE;
				CLANG_CXX_LANGUAGE_STANDARD = "gnu++20";
				CLANG_ENABLE_MODULES = YES;
				CLANG_ENABLE_OBJC_ARC = YES;
				CLANG_ENABLE_OBJC_WEAK = YES;
				CLANG_WARN_BLOCK_CAPTURE_AUTORELEASING = YES;
				CLANG_WARN_BOOL_CONVERSION = YES;
				CLANG_WARN_COMMA = YES;
				CLANG_WARN_CONSTANT_CONVERSION = YES;
				CLANG_WARN_DEPRECATED_OBJC_IMPLEMENTATIONS = YES;
				CLANG_WARN_DIRECT_OBJC_ISA_USAGE = YES_ERROR;
				CLANG_WARN_DOCUMENTATION_COMMENTS = YES;
				CLANG_WARN_EMPTY_BODY = YES;
				CLANG_WARN_ENUM_CONVERSION = YES;
				CLANG_WARN_INFINITE_RECURSION = YES;
				CLANG_WARN_INT_CONVERSION = YES;
				CLANG_WARN_NON_LITERAL_NULL_CONVERSION = YES;
				CLANG_WARN_OBJC_IMPLICIT_RETAIN_SELF = YES;
				CLANG_WARN_OBJC_LITERAL_CONVERSION = YES;
				CLANG_WARN_OBJC_ROOT_CLASS = YES_ERROR;
				CLANG_WARN_QUOTED_INCLUDE_IN_FRAMEWORK_HEADER = YES;
				CLANG_WARN_RANGE_LOOP_ANALYSIS = YES;
				CLANG_WARN_STRICT_PROTOTYPES = YES;
				CLANG_WARN_SUSPICIOUS_MOVE = YES;
				CLANG_WARN_UNGUARDED_AVAILABILITY = YES_AGGRESSIVE;
				CLANG_WARN_UNREACHABLE_CODE = YES;
				CLANG_WARN__DUPLICATE_METHOD_MATCH = YES;
				COPY_PHASE_STRIP = NO;
				DEBUG_INFORMATION_FORMAT = dwarf;
				ENABLE_STRICT_OBJC_MSGSEND = YES;
				ENABLE_TESTABILITY = YES;
				GCC_C_LANGUAGE_STANDARD = gnu11;
				GCC_DYNAMIC_NO_PIC = NO;
				GCC_NO_COMMON_BLOCKS = YES;
				GCC_OPTIMIZATION_LEVEL = 0;
				GCC_PREPROCESSOR_DEFINITIONS = (
					"DEBUG=1",
					"$(inherited)",
				);
				GCC_WARN_64_TO_32_BIT_CONVERSION = YES;
				GCC_WARN_ABOUT_RETURN_TYPE = YES_ERROR;
				GCC_WARN_UNDECLARED_SELECTOR = YES;
				GCC_WARN_UNINITIALIZED_AUTOS = YES_AGGRESSIVE;
				GCC_WARN_UNUSED_FUNCTION = YES;
				GCC_WARN_UNUSED_VARIABLE = YES;
				IPHONEOS_DEPLOYMENT_TARGET = 16.2;
				MTL_ENABLE_DEBUG_INFO = INCLUDE_SOURCE;
				MTL_FAST_MATH = YES;
				ONLY_ACTIVE_ARCH = YES;
				SDKROOT = iphoneos;
				SWIFT_ACTIVE_COMPILATION_CONDITIONS = DEBUG;
				SWIFT_OPTIMIZATION_LEVEL = "-Onone";
			};
			name = Debug;
		};
		1FFFA9A129FD578800BF0FA4 /* Release */ = {
			isa = XCBuildConfiguration;
			buildSettings = {
				ALWAYS_SEARCH_USER_PATHS = NO;
				CLANG_ANALYZER_NONNULL = YES;
				CLANG_ANALYZER_NUMBER_OBJECT_CONVERSION = YES_AGGRESSIVE;
				CLANG_CXX_LANGUAGE_STANDARD = "gnu++20";
				CLANG_ENABLE_MODULES = YES;
				CLANG_ENABLE_OBJC_ARC = YES;
				CLANG_ENABLE_OBJC_WEAK = YES;
				CLANG_WARN_BLOCK_CAPTURE_AUTORELEASING = YES;
				CLANG_WARN_BOOL_CONVERSION = YES;
				CLANG_WARN_COMMA = YES;
				CLANG_WARN_CONSTANT_CONVERSION = YES;
				CLANG_WARN_DEPRECATED_OBJC_IMPLEMENTATIONS = YES;
				CLANG_WARN_DIRECT_OBJC_ISA_USAGE = YES_ERROR;
				CLANG_WARN_DOCUMENTATION_COMMENTS = YES;
				CLANG_WARN_EMPTY_BODY = YES;
				CLANG_WARN_ENUM_CONVERSION = YES;
				CLANG_WARN_INFINITE_RECURSION = YES;
				CLANG_WARN_INT_CONVERSION = YES;
				CLANG_WARN_NON_LITERAL_NULL_CONVERSION = YES;
				CLANG_WARN_OBJC_IMPLICIT_RETAIN_SELF = YES;
				CLANG_WARN_OBJC_LITERAL_CONVERSION = YES;
				CLANG_WARN_OBJC_ROOT_CLASS = YES_ERROR;
				CLANG_WARN_QUOTED_INCLUDE_IN_FRAMEWORK_HEADER = YES;
				CLANG_WARN_RANGE_LOOP_ANALYSIS = YES;
				CLANG_WARN_STRICT_PROTOTYPES = YES;
				CLANG_WARN_SUSPICIOUS_MOVE = YES;
				CLANG_WARN_UNGUARDED_AVAILABILITY = YES_AGGRESSIVE;
				CLANG_WARN_UNREACHABLE_CODE = YES;
				CLANG_WARN__DUPLICATE_METHOD_MATCH = YES;
				COPY_PHASE_STRIP = NO;
				DEBUG_INFORMATION_FORMAT = "dwarf-with-dsym";
				ENABLE_NS_ASSERTIONS = NO;
				ENABLE_STRICT_OBJC_MSGSEND = YES;
				GCC_C_LANGUAGE_STANDARD = gnu11;
				GCC_NO_COMMON_BLOCKS = YES;
				GCC_WARN_64_TO_32_BIT_CONVERSION = YES;
				GCC_WARN_ABOUT_RETURN_TYPE = YES_ERROR;
				GCC_WARN_UNDECLARED_SELECTOR = YES;
				GCC_WARN_UNINITIALIZED_AUTOS = YES_AGGRESSIVE;
				GCC_WARN_UNUSED_FUNCTION = YES;
				GCC_WARN_UNUSED_VARIABLE = YES;
				IPHONEOS_DEPLOYMENT_TARGET = 16.2;
				MTL_ENABLE_DEBUG_INFO = NO;
				MTL_FAST_MATH = YES;
				SDKROOT = iphoneos;
				SWIFT_COMPILATION_MODE = wholemodule;
				SWIFT_OPTIMIZATION_LEVEL = "-O";
				VALIDATE_PRODUCT = YES;
			};
			name = Release;
		};
		1FFFA9A329FD578800BF0FA4 /* Debug */ = {
			isa = XCBuildConfiguration;
			buildSettings = {
				ASSETCATALOG_COMPILER_APPICON_NAME = AppIcon;
				ASSETCATALOG_COMPILER_GLOBAL_ACCENT_COLOR_NAME = AccentColor;
				CODE_SIGN_STYLE = Automatic;
				CURRENT_PROJECT_VERSION = 1;
				GENERATE_INFOPLIST_FILE = YES;
				INFOPLIST_FILE = LoginForm/Info.plist;
				INFOPLIST_KEY_UIApplicationSupportsIndirectInputEvents = YES;
				INFOPLIST_KEY_UILaunchStoryboardName = LaunchScreen;
				INFOPLIST_KEY_UISupportedInterfaceOrientations_iPad = "UIInterfaceOrientationPortrait UIInterfaceOrientationPortraitUpsideDown UIInterfaceOrientationLandscapeLeft UIInterfaceOrientationLandscapeRight";
				INFOPLIST_KEY_UISupportedInterfaceOrientations_iPhone = "UIInterfaceOrientationPortrait UIInterfaceOrientationLandscapeLeft UIInterfaceOrientationLandscapeRight";
				IPHONEOS_DEPLOYMENT_TARGET = 15.5;
				LD_RUNPATH_SEARCH_PATHS = (
					"$(inherited)",
					"@executable_path/Frameworks",
				);
				MARKETING_VERSION = 1.0;
				PRODUCT_BUNDLE_IDENTIFIER = com.akar.LoginForm;
				PRODUCT_NAME = "$(TARGET_NAME)";
				SWIFT_EMIT_LOC_STRINGS = YES;
				SWIFT_VERSION = 5.0;
				TARGETED_DEVICE_FAMILY = "1,2";
			};
			name = Debug;
		};
		1FFFA9A429FD578800BF0FA4 /* Release */ = {
			isa = XCBuildConfiguration;
			buildSettings = {
				ASSETCATALOG_COMPILER_APPICON_NAME = AppIcon;
				ASSETCATALOG_COMPILER_GLOBAL_ACCENT_COLOR_NAME = AccentColor;
				CODE_SIGN_STYLE = Automatic;
				CURRENT_PROJECT_VERSION = 1;
				GENERATE_INFOPLIST_FILE = YES;
				INFOPLIST_FILE = LoginForm/Info.plist;
				INFOPLIST_KEY_UIApplicationSupportsIndirectInputEvents = YES;
				INFOPLIST_KEY_UILaunchStoryboardName = LaunchScreen;
				INFOPLIST_KEY_UISupportedInterfaceOrientations_iPad = "UIInterfaceOrientationPortrait UIInterfaceOrientationPortraitUpsideDown UIInterfaceOrientationLandscapeLeft UIInterfaceOrientationLandscapeRight";
				INFOPLIST_KEY_UISupportedInterfaceOrientations_iPhone = "UIInterfaceOrientationPortrait UIInterfaceOrientationLandscapeLeft UIInterfaceOrientationLandscapeRight";
				IPHONEOS_DEPLOYMENT_TARGET = 15.5;
				LD_RUNPATH_SEARCH_PATHS = (
					"$(inherited)",
					"@executable_path/Frameworks",
				);
				MARKETING_VERSION = 1.0;
				PRODUCT_BUNDLE_IDENTIFIER = com.akar.LoginForm;
				PRODUCT_NAME = "$(TARGET_NAME)";
				SWIFT_EMIT_LOC_STRINGS = YES;
				SWIFT_VERSION = 5.0;
				TARGETED_DEVICE_FAMILY = "1,2";
			};
			name = Release;
		};
/* End XCBuildConfiguration section */

/* Begin XCConfigurationList section */
		1FFFA98929FD578700BF0FA4 /* Build configuration list for PBXProject "LoginForm" */ = {
			isa = XCConfigurationList;
			buildConfigurations = (
				1FFFA9A029FD578800BF0FA4 /* Debug */,
				1FFFA9A129FD578800BF0FA4 /* Release */,
			);
			defaultConfigurationIsVisible = 0;
			defaultConfigurationName = Release;
		};
		1FFFA9A229FD578800BF0FA4 /* Build configuration list for PBXNativeTarget "LoginForm" */ = {
			isa = XCConfigurationList;
			buildConfigurations = (
				1FFFA9A329FD578800BF0FA4 /* Debug */,
				1FFFA9A429FD578800BF0FA4 /* Release */,
			);
			defaultConfigurationIsVisible = 0;
			defaultConfigurationName = Release;
		};
/* End XCConfigurationList section */

/* Begin XCRemoteSwiftPackageReference section */
		1FFFA9A729FD58D200BF0FA4 /* XCRemoteSwiftPackageReference "firebase-ios-sdk" */ = {
			isa = XCRemoteSwiftPackageReference;
			repositoryURL = "https://github.com/firebase/firebase-ios-sdk";
			requirement = {
				branch = master;
				kind = branch;
			};
		};
/* End XCRemoteSwiftPackageReference section */

/* Begin XCSwiftPackageProductDependency section */
		1FFFA9A829FD58D200BF0FA4 /* FirebaseAuth */ = {
			isa = XCSwiftPackageProductDependency;
			package = 1FFFA9A729FD58D200BF0FA4 /* XCRemoteSwiftPackageReference "firebase-ios-sdk" */;
			productName = FirebaseAuth;
		};
/* End XCSwiftPackageProductDependency section */
	};
	rootObject = 1FFFA98629FD578700BF0FA4 /* Project object */;
}
